<?xml version="1.0" encoding="UTF-8" standalone="yes" ?>
<CodeBlocks_project_file>
	<FileVersion major="1" minor="6" />
	<Project>
		<Option title="cftal" />
		<Option makefile_is_custom="1" />
		<Option pch_mode="2" />
		<Option compiler="gcc" />
		<Build>
			<Target title="all">
				<Option output="libcftal.so" prefix_auto="0" extension_auto="0" />
				<Option working_dir="" />
				<Option object_output="obj/Release/" />
				<Option type="5" />
				<Option compiler="gcc" />
				<Compiler>
					<Add option="-O2" />
				</Compiler>
				<Linker>
					<Add option="-s" />
				</Linker>
			</Target>
			<Target title="hackx86vec_g">
				<Option output="hackx86vec_g" prefix_auto="1" extension_auto="1" />
				<Option type="1" />
				<Option compiler="gcc" />
				<Option use_console_runner="0" />
			</Target>
			<Target title="clean">
				<Option output="cftal" prefix_auto="1" extension_auto="1" />
				<Option working_dir="" />
				<Option type="5" />
				<Option compiler="gcc" />
			</Target>
		</Build>
		<Compiler>
			<Add option="-Wall" />
			<Add option="-fexceptions" />
		</Compiler>
		<Unit filename="allocator.cc">
			<Option target="all" />
		</Unit>
		<Unit filename="allocator.h">
			<Option target="all" />
		</Unit>
		<Unit filename="avxintrin-emu.h">
			<Option target="all" />
		</Unit>
		<Unit filename="bitops.h">
			<Option target="all" />
		</Unit>
		<Unit filename="check-00/testx86vec-00.cc">
			<Option target="all" />
		</Unit>
		<Unit filename="check-00/x86vec_test_gen_perm1_v4f32_0.cc">
			<Option target="all" />
		</Unit>
		<Unit filename="check-00/x86vec_test_gen_perm1_v4f32_1.cc">
			<Option target="all" />
		</Unit>
		<Unit filename="check-00/x86vec_test_gen_perm1_v4f32_2.cc">
			<Option target="all" />
		</Unit>
		<Unit filename="check-00/x86vec_test_gen_perm1_v4f32_3.cc">
			<Option target="all" />
		</Unit>
		<Unit filename="check-00/x86vec_test_gen_perm1_v4f32__.cc">
			<Option target="all" />
		</Unit>
		<Unit filename="check-00/x86vec_test_gen_perm1_v4f64_0.cc">
			<Option target="all" />
		</Unit>
		<Unit filename="check-00/x86vec_test_gen_perm1_v4f64_1.cc">
			<Option target="all" />
		</Unit>
		<Unit filename="check-00/x86vec_test_gen_perm1_v4f64_2.cc">
			<Option target="all" />
		</Unit>
		<Unit filename="check-00/x86vec_test_gen_perm1_v4f64_3.cc">
			<Option target="all" />
		</Unit>
		<Unit filename="check-00/x86vec_test_gen_perm1_v4f64__.cc">
			<Option target="all" />
		</Unit>
		<Unit filename="check-00/x86vec_test_gen_perm1_v4u32_0.cc">
			<Option target="all" />
		</Unit>
		<Unit filename="check-00/x86vec_test_gen_perm1_v4u32_1.cc">
			<Option target="all" />
		</Unit>
		<Unit filename="check-00/x86vec_test_gen_perm1_v4u32_2.cc">
			<Option target="all" />
		</Unit>
		<Unit filename="check-00/x86vec_test_gen_perm1_v4u32_3.cc">
			<Option target="all" />
		</Unit>
		<Unit filename="check-00/x86vec_test_gen_perm1_v4u32__.cc">
			<Option target="all" />
		</Unit>
		<Unit filename="check-00/x86vec_test_gen_perm1_v8u16_0.cc">
			<Option target="all" />
		</Unit>
		<Unit filename="check-00/x86vec_test_gen_perm1_v8u16_1.cc">
			<Option target="all" />
		</Unit>
		<Unit filename="check-00/x86vec_test_gen_perm1_v8u16_2.cc">
			<Option target="all" />
		</Unit>
		<Unit filename="check-00/x86vec_test_gen_perm1_v8u16_3.cc">
			<Option target="all" />
		</Unit>
		<Unit filename="check-00/x86vec_test_gen_perm1_v8u16_4.cc">
			<Option target="all" />
		</Unit>
		<Unit filename="check-00/x86vec_test_gen_perm1_v8u16_5.cc">
			<Option target="all" />
		</Unit>
		<Unit filename="check-00/x86vec_test_gen_perm1_v8u16_6.cc">
			<Option target="all" />
		</Unit>
		<Unit filename="check-00/x86vec_test_gen_perm1_v8u16_7.cc">
			<Option target="all" />
		</Unit>
		<Unit filename="check-00/x86vec_test_gen_perm1_v8u16__.cc">
			<Option target="all" />
		</Unit>
		<Unit filename="check-00/x86vec_test_gen_perm2_v4f32_0.cc">
			<Option target="all" />
		</Unit>
		<Unit filename="check-00/x86vec_test_gen_perm2_v4f32_1.cc">
			<Option target="all" />
		</Unit>
		<Unit filename="check-00/x86vec_test_gen_perm2_v4f32_2.cc">
			<Option target="all" />
		</Unit>
		<Unit filename="check-00/x86vec_test_gen_perm2_v4f32_3.cc">
			<Option target="all" />
		</Unit>
		<Unit filename="check-00/x86vec_test_gen_perm2_v4f32_4.cc">
			<Option target="all" />
		</Unit>
		<Unit filename="check-00/x86vec_test_gen_perm2_v4f32_5.cc">
			<Option target="all" />
		</Unit>
		<Unit filename="check-00/x86vec_test_gen_perm2_v4f32_6.cc">
			<Option target="all" />
		</Unit>
		<Unit filename="check-00/x86vec_test_gen_perm2_v4f32_7.cc">
			<Option target="all" />
		</Unit>
		<Unit filename="check-00/x86vec_test_gen_perm2_v4f32__.cc">
			<Option target="all" />
		</Unit>
		<Unit filename="check-00/x86vec_test_gen_perm2_v4f64_0.cc">
			<Option target="all" />
		</Unit>
		<Unit filename="check-00/x86vec_test_gen_perm2_v4f64_1.cc">
			<Option target="all" />
		</Unit>
		<Unit filename="check-00/x86vec_test_gen_perm2_v4f64_2.cc">
			<Option target="all" />
		</Unit>
		<Unit filename="check-00/x86vec_test_gen_perm2_v4f64_3.cc">
			<Option target="all" />
		</Unit>
		<Unit filename="check-00/x86vec_test_gen_perm2_v4f64_4.cc">
			<Option target="all" />
		</Unit>
		<Unit filename="check-00/x86vec_test_gen_perm2_v4f64_5.cc">
			<Option target="all" />
		</Unit>
		<Unit filename="check-00/x86vec_test_gen_perm2_v4f64_6.cc">
			<Option target="all" />
		</Unit>
		<Unit filename="check-00/x86vec_test_gen_perm2_v4f64_7.cc">
			<Option target="all" />
		</Unit>
		<Unit filename="check-00/x86vec_test_gen_perm2_v4f64__.cc">
			<Option target="all" />
		</Unit>
		<Unit filename="check-00/x86vec_test_gen_perm2_v4u32_0.cc">
			<Option target="all" />
		</Unit>
		<Unit filename="check-00/x86vec_test_gen_perm2_v4u32_1.cc">
			<Option target="all" />
		</Unit>
		<Unit filename="check-00/x86vec_test_gen_perm2_v4u32_2.cc">
			<Option target="all" />
		</Unit>
		<Unit filename="check-00/x86vec_test_gen_perm2_v4u32_3.cc">
			<Option target="all" />
		</Unit>
		<Unit filename="check-00/x86vec_test_gen_perm2_v4u32_4.cc">
			<Option target="all" />
		</Unit>
		<Unit filename="check-00/x86vec_test_gen_perm2_v4u32_5.cc">
			<Option target="all" />
		</Unit>
		<Unit filename="check-00/x86vec_test_gen_perm2_v4u32_6.cc">
			<Option target="all" />
		</Unit>
		<Unit filename="check-00/x86vec_test_gen_perm2_v4u32_7.cc">
			<Option target="all" />
		</Unit>
		<Unit filename="check-00/x86vec_test_gen_perm2_v4u32__.cc">
			<Option target="all" />
		</Unit>
		<Unit filename="check-00/x86vec_test_gen_perm2_v8u16_00.cc">
			<Option target="all" />
		</Unit>
		<Unit filename="check-00/x86vec_test_gen_perm2_v8u16_01.cc">
			<Option target="all" />
		</Unit>
		<Unit filename="check-00/x86vec_test_gen_perm2_v8u16_02.cc">
			<Option target="all" />
		</Unit>
		<Unit filename="check-00/x86vec_test_gen_perm2_v8u16_03.cc">
			<Option target="all" />
		</Unit>
		<Unit filename="check-00/x86vec_test_gen_perm2_v8u16_04.cc">
			<Option target="all" />
		</Unit>
		<Unit filename="check-00/x86vec_test_gen_perm2_v8u16_05.cc">
			<Option target="all" />
		</Unit>
		<Unit filename="check-00/x86vec_test_gen_perm2_v8u16_06.cc">
			<Option target="all" />
		</Unit>
		<Unit filename="check-00/x86vec_test_gen_perm2_v8u16_07.cc">
			<Option target="all" />
		</Unit>
		<Unit filename="check-00/x86vec_test_gen_perm2_v8u16_08.cc">
			<Option target="all" />
		</Unit>
		<Unit filename="check-00/x86vec_test_gen_perm2_v8u16_09.cc">
			<Option target="all" />
		</Unit>
		<Unit filename="check-00/x86vec_test_gen_perm2_v8u16_10.cc">
			<Option target="all" />
		</Unit>
		<Unit filename="check-00/x86vec_test_gen_perm2_v8u16_11.cc">
			<Option target="all" />
		</Unit>
		<Unit filename="check-00/x86vec_test_gen_perm2_v8u16_12.cc">
			<Option target="all" />
		</Unit>
		<Unit filename="check-00/x86vec_test_gen_perm2_v8u16_13.cc">
			<Option target="all" />
		</Unit>
		<Unit filename="check-00/x86vec_test_gen_perm2_v8u16_14.cc">
			<Option target="all" />
		</Unit>
		<Unit filename="check-00/x86vec_test_gen_perm2_v8u16_15.cc">
			<Option target="all" />
		</Unit>
		<Unit filename="check-00/x86vec_test_gen_perm2_v8u16___.cc">
			<Option target="all" />
		</Unit>
		<Unit filename="check-00/x86vec_test_gen_perm_v4f32.cc">
			<Option target="all" />
		</Unit>
		<Unit filename="check-00/x86vec_test_gen_perm_v4f64.cc">
			<Option target="all" />
		</Unit>
		<Unit filename="check-00/x86vec_test_gen_perm_v4u32.cc">
			<Option target="all" />
		</Unit>
		<Unit filename="check-00/x86vec_test_gen_perm_v8u16.cc">
			<Option target="all" />
		</Unit>
		<Unit filename="check-00/x86vec_test_gen_sel_v4f32.cc">
			<Option target="all" />
		</Unit>
		<Unit filename="check-00/x86vec_test_gen_sel_v4f64.cc">
			<Option target="all" />
		</Unit>
		<Unit filename="check-00/x86vec_test_gen_sel_v4u32.cc">
			<Option target="all" />
		</Unit>
		<Unit filename="check-00/x86vec_test_gen_sel_v8u16.cc">
			<Option target="all" />
		</Unit>
		<Unit filename="check-00/x86vec_test_gen_v2f64.cc">
			<Option target="all" />
		</Unit>
		<Unit filename="check-00/x86vec_test_gen_v2u64.cc">
			<Option target="all" />
		</Unit>
		<Unit filename="check-01/testx86vec-01.cc">
			<Option target="all" />
		</Unit>
		<Unit filename="check-01/x86vec_test_div.cc">
			<Option target="all" />
		</Unit>
		<Unit filename="check-01/x86vec_test_intops.cc">
			<Option target="all" />
		</Unit>
		<Unit filename="check-01/x86vec_test_select_perm_specializations.cc">
			<Option target="all" />
		</Unit>
		<Unit filename="check-01/x86vec_test_signs.cc">
			<Option target="all" />
		</Unit>
		<Unit filename="check-02/bitops_test.cc">
			<Option target="all" />
		</Unit>
		<Unit filename="check-02/d_int8_test.cc">
			<Option target="all" />
		</Unit>
		<Unit filename="check-02/rcp_div_32.cc">
			<Option target="all" />
		</Unit>
		<Unit filename="check-02/rcp_div_64.cc">
			<Option target="all" />
		</Unit>
		<Unit filename="check-02/testx86vec-02.cc">
			<Option target="all" />
		</Unit>
		<Unit filename="check-03/testemuvec-03.cc">
			<Option target="all" />
		</Unit>
		<Unit filename="check-03/testx86vec-03.cc">
			<Option target="all" />
		</Unit>
		<Unit filename="check-04/testx86vec-04.cc">
			<Option target="all" />
		</Unit>
		<Unit filename="config.h">
			<Option target="all" />
		</Unit>
		<Unit filename="d_int.h">
			<Option target="all" />
		</Unit>
		<Unit filename="d_real.cc">
			<Option target="all" />
		</Unit>
		<Unit filename="d_real.h">
			<Option target="all" />
		</Unit>
		<Unit filename="divisor.h">
			<Option target="all" />
		</Unit>
		<Unit filename="emuvec.cc">
			<Option target="all" />
		</Unit>
		<Unit filename="emuvec.h">
			<Option target="all" />
		</Unit>
		<Unit filename="emuvec_expr.h">
			<Option target="all" />
		</Unit>
		<Unit filename="emuvec_fvec.cc">
			<Option target="all" />
		</Unit>
		<Unit filename="emuvec_fvec.h">
			<Option target="all" />
		</Unit>
		<Unit filename="emuvec_impl.h">
			<Option target="all" />
		</Unit>
		<Unit filename="emuvec_impl_ops.h">
			<Option target="all" />
		</Unit>
		<Unit filename="emuvec_inl.h">
			<Option target="all" />
		</Unit>
		<Unit filename="emuvec_mask.h">
			<Option target="all" />
		</Unit>
		<Unit filename="emuvec_traits.h">
			<Option target="all" />
		</Unit>
		<Unit filename="emuvec_v2f64_inl.h">
			<Option target="all" />
		</Unit>
		<Unit filename="emuvec_v2s64_inl.h">
			<Option target="all" />
		</Unit>
		<Unit filename="emuvec_v2u64_inl.h">
			<Option target="all" />
		</Unit>
		<Unit filename="emuvec_v4f32_inl.h">
			<Option target="all" />
		</Unit>
		<Unit filename="emuvec_v4f64_inl.h">
			<Option target="all" />
		</Unit>
		<Unit filename="emuvec_v4s32_inl.h">
			<Option target="all" />
		</Unit>
		<Unit filename="emuvec_v4u32_inl.h">
			<Option target="all" />
		</Unit>
		<Unit filename="emuvec_v8f32_inl.h">
			<Option target="all" />
		</Unit>
		<Unit filename="emuvec_v8s16_inl.h">
			<Option target="all" />
		</Unit>
		<Unit filename="emuvec_v8s32_inl.h">
			<Option target="all" />
		</Unit>
		<Unit filename="emuvec_v8u16_inl.h">
			<Option target="all" />
		</Unit>
		<Unit filename="genx86vec.cc">
			<Option target="all" />
		</Unit>
		<Unit filename="hackx86vec.cc">
			<Option target="all" />
		</Unit>
		<Unit filename="heap_array.cc">
			<Option target="all" />
		</Unit>
		<Unit filename="heap_array.h">
			<Option target="all" />
		</Unit>
		<Unit filename="isqrt.cc">
			<Option target="all" />
		</Unit>
		<Unit filename="math_common.h">
			<Option target="all" />
		</Unit>
		<Unit filename="math_func.cc">
			<Option target="all" />
		</Unit>
		<Unit filename="math_func.h">
			<Option target="all" />
		</Unit>
		<Unit filename="math_func_f32.h">
			<Option target="all" />
		</Unit>
		<Unit filename="math_func_f64.h">
			<Option target="all" />
		</Unit>
		<Unit filename="mem_load.h">
			<Option target="all" />
		</Unit>
		<Unit filename="mul_div.h">
			<Option target="all" />
		</Unit>
		<Unit filename="mul_div_32.cc">
			<Option target="all" />
		</Unit>
		<Unit filename="mul_div_64.cc">
			<Option target="all" />
		</Unit>
		<Unit filename="normal_iterator.h">
			<Option target="all" />
		</Unit>
		<Unit filename="operators.h">
			<Option target="all" />
		</Unit>
		<Unit filename="snippets.cc">
			<Option target="all" />
		</Unit>
		<Unit filename="std_types.h">
			<Option target="all" />
		</Unit>
		<Unit filename="tuples.cc">
			<Option target="all" />
		</Unit>
		<Unit filename="types.h">
			<Option target="all" />
		</Unit>
		<Unit filename="vec.h">
			<Option target="all" />
		</Unit>
		<Unit filename="x86vec.h">
			<Option target="all" />
		</Unit>
		<Unit filename="x86vec_cast.h">
			<Option target="all" />
		</Unit>
		<Unit filename="x86vec_const.h">
			<Option target="all" />
		</Unit>
		<Unit filename="x86vec_cvt.h">
			<Option target="all" />
		</Unit>
		<Unit filename="x86vec_divisor.h">
			<Option target="all" />
		</Unit>
		<Unit filename="x86vec_expr.h">
			<Option target="all" />
		</Unit>
		<Unit filename="x86vec_fvec.cc">
			<Option target="all" />
		</Unit>
		<Unit filename="x86vec_fvec.h">
			<Option target="all" />
		</Unit>
		<Unit filename="x86vec_ins_ext.h">
			<Option target="all" />
		</Unit>
		<Unit filename="x86vec_intrin.h">
			<Option target="all" />
		</Unit>
		<Unit filename="x86vec_ivec.h">
			<Option target="all" />
		</Unit>
		<Unit filename="x86vec_load.h">
			<Option target="all" />
		</Unit>
		<Unit filename="x86vec_mask.h">
			<Option target="all" />
		</Unit>
		<Unit filename="x86vec_math_funcs.h">
			<Option target="all" />
		</Unit>
		<Unit filename="x86vec_ops_0.h">
			<Option target="all" />
		</Unit>
		<Unit filename="x86vec_ops_1.cc">
			<Option target="all" />
		</Unit>
		<Unit filename="x86vec_ops_1.h">
			<Option target="all" />
		</Unit>
		<Unit filename="x86vec_perm.h">
			<Option target="all" />
		</Unit>
		<Unit filename="x86vec_ref.h">
			<Option target="all" />
		</Unit>
		<Unit filename="x86vec_select.h">
			<Option target="all" />
		</Unit>
		<Unit filename="x86vec_store.h">
			<Option target="all" />
		</Unit>
		<Unit filename="x86vec_test.cc">
			<Option target="all" />
		</Unit>
		<Unit filename="x86vec_test.h">
			<Option target="all" />
		</Unit>
		<Unit filename="x86vec_traits.h">
			<Option target="all" />
		</Unit>
		<Unit filename="x86vec_v128u1_inl.h">
			<Option target="all" />
		</Unit>
		<Unit filename="x86vec_v2f64.cc">
			<Option target="all" />
		</Unit>
		<Unit filename="x86vec_v2f64_inl.h">
			<Option target="all" />
		</Unit>
		<Unit filename="x86vec_v2s64_inl.h">
			<Option target="all" />
		</Unit>
		<Unit filename="x86vec_v2u64_inl.h">
			<Option target="all" />
		</Unit>
		<Unit filename="x86vec_v4f32.cc">
			<Option target="all" />
		</Unit>
		<Unit filename="x86vec_v4f32_inl.h">
			<Option target="all" />
		</Unit>
		<Unit filename="x86vec_v4f64.cc">
			<Option target="all" />
		</Unit>
		<Unit filename="x86vec_v4f64_inl.h">
			<Option target="all" />
		</Unit>
		<Unit filename="x86vec_v4s32_inl.h">
			<Option target="all" />
		</Unit>
		<Unit filename="x86vec_v4u32_inl.h">
			<Option target="all" />
		</Unit>
		<Unit filename="x86vec_v8f32.cc">
			<Option target="all" />
		</Unit>
		<Unit filename="x86vec_v8f32_inl.h">
			<Option target="all" />
		</Unit>
		<Unit filename="x86vec_v8s16_inl.h">
			<Option target="all" />
		</Unit>
		<Unit filename="x86vec_v8s32_inl.h">
			<Option target="all" />
		</Unit>
		<Unit filename="x86vec_v8u16_inl.h">
			<Option target="all" />
		</Unit>
		<Unit filename="x86vec_v8u32_inl.h">
			<Option target="all" />
		</Unit>
		<Unit filename="x86vec_vreg.h">
			<Option target="all" />
		</Unit>
		<Extensions>
			<code_completion />
			<debugger />
		</Extensions>
	</Project>
</CodeBlocks_project_file>
